
Microsoft Visual Studio Solution File, Format Version 12.00
# Visual Studio 15
VisualStudioVersion = 15.0.28307.852
MinimumVisualStudioVersion = 10.0.40219.1
Project("{2150E333-8FDC-42A3-9474-1A3956D46DE8}") = "0 - Domain", "0 - Domain", "{E0DAC23E-6171-4624-A1D8-055906425AE5}"
EndProject
Project("{2150E333-8FDC-42A3-9474-1A3956D46DE8}") = "1 - Tests", "1 - Tests", "{EE8A7DA7-FFA4-49AE-A25C-A7602B1E71D7}"
EndProject
Project("{2150E333-8FDC-42A3-9474-1A3956D46DE8}") = "2 - Infra", "2 - Infra", "{399C1DA2-38A1-4411-B60E-F2AD1951E815}"
EndProject
Project("{2150E333-8FDC-42A3-9474-1A3956D46DE8}") = "3 - Application", "3 - Application", "{A67A288B-E8CC-4E62-A5B6-2D1516A62616}"
EndProject
Project("{2150E333-8FDC-42A3-9474-1A3956D46DE8}") = "4 - API", "4 - API", "{9419745E-AE96-4E20-813F-3AA98CE0D47E}"
EndProject
Project("{2150E333-8FDC-42A3-9474-1A3956D46DE8}") = "5 - Presentation", "5 - Presentation", "{3826CD33-BF32-4861-8B7F-30FFC5861822}"
EndProject
Project("{9A19103F-16F7-4668-BE54-9A1E7A4F7556}") = "Switch.Domain", "Switch.Domain\Switch.Domain.csproj", "{1C8C183E-4B02-4A14-974A-2F3F2E70564D}"
EndProject
Project("{9A19103F-16F7-4668-BE54-9A1E7A4F7556}") = "Switch.Domain.Tests", "Switch.Domain.Tests\Switch.Domain.Tests.csproj", "{91656A3C-157C-4D73-8382-DEC37F2FB866}"
EndProject
Project("{2150E333-8FDC-42A3-9474-1A3956D46DE8}") = "2.1 CrossCutting", "2.1 CrossCutting", "{91F3221E-B6BC-48ED-9DBD-32CC6379412E}"
EndProject
Project("{2150E333-8FDC-42A3-9474-1A3956D46DE8}") = "2.2 Data", "2.2 Data", "{CBBFB2B4-76B6-4E96-ADAF-971D0DA5225A}"
EndProject
Project("{9A19103F-16F7-4668-BE54-9A1E7A4F7556}") = "Switch.Infra.Data", "Switch.Infra.Data\Switch.Infra.Data.csproj", "{0ECCDD96-4A67-4A25-BB82-45B50AE4F21F}"
EndProject
Project("{9A19103F-16F7-4668-BE54-9A1E7A4F7556}") = "Switch.Application", "Switch.Application\Switch.Application.csproj", "{C37E8B9D-CDF2-408D-8B37-1ED7871B7DEE}"
EndProject
Project("{9A19103F-16F7-4668-BE54-9A1E7A4F7556}") = "Switch.API", "Switch.API\Switch.API.csproj", "{47AA18D2-F5AF-4C69-A2B3-C2BE394C67DE}"
EndProject
Project("{9A19103F-16F7-4668-BE54-9A1E7A4F7556}") = "SwitchAPP", "..\..\..\..\..\Desktop\Switch-master\SwitchAPP\SwitchAPP.csproj", "{80F2035A-7C7A-427E-9D5C-8DF3D7D758CF}"
EndProject
Project("{9A19103F-16F7-4668-BE54-9A1E7A4F7556}") = "Switch.Infra.CrossCutting.Logging", "..\..\..\..\..\Desktop\Switch-master\Switch.Infra.CrossCutting.Logging\Switch.Infra.CrossCutting.Logging.csproj", "{C3985186-0459-462E-A1FB-3C8DA875C311}"
EndProject
Global
	GlobalSection(SolutionConfigurationPlatforms) = preSolution
		Debug|Any CPU = Debug|Any CPU
		Release|Any CPU = Release|Any CPU
	EndGlobalSection
	GlobalSection(ProjectConfigurationPlatforms) = postSolution
		{1C8C183E-4B02-4A14-974A-2F3F2E70564D}.Debug|Any CPU.ActiveCfg = Debug|Any CPU
		{1C8C183E-4B02-4A14-974A-2F3F2E70564D}.Debug|Any CPU.Build.0 = Debug|Any CPU
		{1C8C183E-4B02-4A14-974A-2F3F2E70564D}.Release|Any CPU.ActiveCfg = Release|Any CPU
		{1C8C183E-4B02-4A14-974A-2F3F2E70564D}.Release|Any CPU.Build.0 = Release|Any CPU
		{91656A3C-157C-4D73-8382-DEC37F2FB866}.Debug|Any CPU.ActiveCfg = Debug|Any CPU
		{91656A3C-157C-4D73-8382-DEC37F2FB866}.Debug|Any CPU.Build.0 = Debug|Any CPU
		{91656A3C-157C-4D73-8382-DEC37F2FB866}.Release|Any CPU.ActiveCfg = Release|Any CPU
		{91656A3C-157C-4D73-8382-DEC37F2FB866}.Release|Any CPU.Build.0 = Release|Any CPU
		{0ECCDD96-4A67-4A25-BB82-45B50AE4F21F}.Debug|Any CPU.ActiveCfg = Debug|Any CPU
		{0ECCDD96-4A67-4A25-BB82-45B50AE4F21F}.Debug|Any CPU.Build.0 = Debug|Any CPU
		{0ECCDD96-4A67-4A25-BB82-45B50AE4F21F}.Release|Any CPU.ActiveCfg = Release|Any CPU
		{0ECCDD96-4A67-4A25-BB82-45B50AE4F21F}.Release|Any CPU.Build.0 = Release|Any CPU
		{C37E8B9D-CDF2-408D-8B37-1ED7871B7DEE}.Debug|Any CPU.ActiveCfg = Debug|Any CPU
		{C37E8B9D-CDF2-408D-8B37-1ED7871B7DEE}.Debug|Any CPU.Build.0 = Debug|Any CPU
		{C37E8B9D-CDF2-408D-8B37-1ED7871B7DEE}.Release|Any CPU.ActiveCfg = Release|Any CPU
		{C37E8B9D-CDF2-408D-8B37-1ED7871B7DEE}.Release|Any CPU.Build.0 = Release|Any CPU
		{47AA18D2-F5AF-4C69-A2B3-C2BE394C67DE}.Debug|Any CPU.ActiveCfg = Debug|Any CPU
		{47AA18D2-F5AF-4C69-A2B3-C2BE394C67DE}.Debug|Any CPU.Build.0 = Debug|Any CPU
		{47AA18D2-F5AF-4C69-A2B3-C2BE394C67DE}.Release|Any CPU.ActiveCfg = Release|Any CPU
		{47AA18D2-F5AF-4C69-A2B3-C2BE394C67DE}.Release|Any CPU.Build.0 = Release|Any CPU
		{80F2035A-7C7A-427E-9D5C-8DF3D7D758CF}.Debug|Any CPU.ActiveCfg = Debug|Any CPU
		{80F2035A-7C7A-427E-9D5C-8DF3D7D758CF}.Debug|Any CPU.Build.0 = Debug|Any CPU
		{80F2035A-7C7A-427E-9D5C-8DF3D7D758CF}.Release|Any CPU.ActiveCfg = Release|Any CPU
		{80F2035A-7C7A-427E-9D5C-8DF3D7D758CF}.Release|Any CPU.Build.0 = Release|Any CPU
		{C3985186-0459-462E-A1FB-3C8DA875C311}.Debug|Any CPU.ActiveCfg = Debug|Any CPU
		{C3985186-0459-462E-A1FB-3C8DA875C311}.Debug|Any CPU.Build.0 = Debug|Any CPU
		{C3985186-0459-462E-A1FB-3C8DA875C311}.Release|Any CPU.ActiveCfg = Release|Any CPU
		{C3985186-0459-462E-A1FB-3C8DA875C311}.Release|Any CPU.Build.0 = Release|Any CPU
	EndGlobalSection
	GlobalSection(SolutionProperties) = preSolution
		HideSolutionNode = FALSE
	EndGlobalSection
	GlobalSection(NestedProjects) = preSolution
		{1C8C183E-4B02-4A14-974A-2F3F2E70564D} = {E0DAC23E-6171-4624-A1D8-055906425AE5}
		{91656A3C-157C-4D73-8382-DEC37F2FB866} = {EE8A7DA7-FFA4-49AE-A25C-A7602B1E71D7}
		{91F3221E-B6BC-48ED-9DBD-32CC6379412E} = {399C1DA2-38A1-4411-B60E-F2AD1951E815}
		{CBBFB2B4-76B6-4E96-ADAF-971D0DA5225A} = {399C1DA2-38A1-4411-B60E-F2AD1951E815}
		{0ECCDD96-4A67-4A25-BB82-45B50AE4F21F} = {CBBFB2B4-76B6-4E96-ADAF-971D0DA5225A}
		{C37E8B9D-CDF2-408D-8B37-1ED7871B7DEE} = {A67A288B-E8CC-4E62-A5B6-2D1516A62616}
		{47AA18D2-F5AF-4C69-A2B3-C2BE394C67DE} = {9419745E-AE96-4E20-813F-3AA98CE0D47E}
		{80F2035A-7C7A-427E-9D5C-8DF3D7D758CF} = {3826CD33-BF32-4861-8B7F-30FFC5861822}
		{C3985186-0459-462E-A1FB-3C8DA875C311} = {91F3221E-B6BC-48ED-9DBD-32CC6379412E}
	EndGlobalSection
	GlobalSection(ExtensibilityGlobals) = postSolution
		SolutionGuid = {329EBF61-3908-43BC-815D-6B58E1780B0B}
	EndGlobalSection
EndGlobal
